{
  "name": "miniprogram-ts-less-quickstart",
  "version": "1.0.0",
  "lockfileVersion": 2,
  "requires": true,
  "packages": {
    "": {
      "name": "miniprogram-ts-less-quickstart",
      "version": "1.0.0",
      "dependencies": {
        "wind-eventbus-miniprogram": "^1.0.7"
      },
      "devDependencies": {
        "miniprogram-api-typings": "^2.8.3-1"
      }
    },
    "node_modules/miniprogram-api-typings": {
      "version": "2.12.0",
      "resolved": "https://registry.npmjs.org/miniprogram-api-typings/-/miniprogram-api-typings-2.12.0.tgz",
      "integrity": "sha512-ibvbqeslVFur0IAvTxLMvsbtvVcMo6gwvOnj0YZHV7aeDLu091VQRrETT2QuiG9P6aZWRcxeNGJChRKVPCp9VQ==",
      "dev": true
    },
    "node_modules/wind-eventbus-miniprogram": {
      "version": "1.0.7",
      "resolved": "https://registry.npmjs.org/wind-eventbus-miniprogram/-/wind-eventbus-miniprogram-1.0.7.tgz",
      "integrity": "sha512-RHo63gQsMAH0VYWV+z5FIY7qZtIAJA54QkbTrW69VM6sjkwDHKDNmf4q+yPXoyKuT/+wRf61c6EIdbeXa/QURQ=="
    }
  },
  "dependencies": {
    "miniprogram-api-typings": {
      "version": "2.12.0",
      "resolved": "https://registry.npmjs.org/miniprogram-api-typings/-/miniprogram-api-typings-2.12.0.tgz",
      "integrity": "sha512-ibvbqeslVFur0IAvTxLMvsbtvVcMo6gwvOnj0YZHV7aeDLu091VQRrETT2QuiG9P6aZWRcxeNGJChRKVPCp9VQ==",
      "dev": true
    },
    "wind-eventbus-miniprogram": {
      "version": "1.0.7",
      "resolved": "https://registry.npmjs.org/wind-eventbus-miniprogram/-/wind-eventbus-miniprogram-1.0.7.tgz",
      "integrity": "sha512-RHo63gQsMAH0VYWV+z5FIY7qZtIAJA54QkbTrW69VM6sjkwDHKDNmf4q+yPXoyKuT/+wRf61c6EIdbeXa/QURQ=="
    }
  }
}
