{
  "name": "miniprogram",
  "version": "1.0.0",
  "lockfileVersion": 2,
  "requires": true,
  "packages": {
    "": {
      "name": "miniprogram",
      "version": "1.0.0",
      "license": "ISC",
      "dependencies": {
        "wind-eventbus-miniprogram": "^1.0.8"
      }
    },
    "node_modules/wind-eventbus-miniprogram": {
      "version": "1.0.8",
      "resolved": "https://registry.npmjs.org/wind-eventbus-miniprogram/-/wind-eventbus-miniprogram-1.0.8.tgz",
      "integrity": "sha512-Ec6Ph6IWJNflVlw3BXmIV9lbHA7WAKgiMw4E9/x7cqUhNEaU3Ri+NdfH56WQcoj4kv6zjsSbInsBJCVe+C3x4A=="
    }
  },
  "dependencies": {
    "wind-eventbus-miniprogram": {
      "version": "1.0.8",
      "resolved": "https://registry.npmjs.org/wind-eventbus-miniprogram/-/wind-eventbus-miniprogram-1.0.8.tgz",
      "integrity": "sha512-Ec6Ph6IWJNflVlw3BXmIV9lbHA7WAKgiMw4E9/x7cqUhNEaU3Ri+NdfH56WQcoj4kv6zjsSbInsBJCVe+C3x4A=="
    }
  }
}
